
Microsoft Visual Studio Solution File, Format Version 12.00
# Visual Studio 14
VisualStudioVersion = 14.0.25420.1
MinimumVisualStudioVersion = 10.0.40219.1
Project("{FAE04EC0-301F-11D3-BF4B-00C04F79EFBC}") = "Betway2", "Betway2\Betway2.csproj", "{B01BDE36-D99D-4113-BD56-2CD00DB54B06}"
EndProject
Global
	GlobalSection(SolutionConfigurationPlatforms) = preSolution
		Debug|Any CPU = Debug|Any CPU
		Release|Any CPU = Release|Any CPU
	EndGlobalSection
	GlobalSection(ProjectConfigurationPlatforms) = postSolution
		{B01BDE36-D99D-4113-BD56-2CD00DB54B06}.Debug|Any CPU.ActiveCfg = Debug|Any CPU
		{B01BDE36-D99D-4113-BD56-2CD00DB54B06}.Debug|Any CPU.Build.0 = Debug|Any CPU
		{B01BDE36-D99D-4113-BD56-2CD00DB54B06}.Release|Any CPU.ActiveCfg = Release|Any CPU
		{B01BDE36-D99D-4113-BD56-2CD00DB54B06}.Release|Any CPU.Build.0 = Release|Any CPU
	EndGlobalSection
	GlobalSection(SolutionProperties) = preSolution
		HideSolutionNode = FALSE
	EndGlobalSection
EndGlobal
